
Microsoft Visual Studio Solution File, Format Version 12.00
# Visual Studio Version 17
VisualStudioVersion = 17.5.33424.131
MinimumVisualStudioVersion = 10.0.40219.1
Project("{9A19103F-16F7-4668-BE54-9A1E7A4F7556}") = "Solver", "Solver\Solver.csproj", "{ED0F13B7-4434-48AC-B55A-AABF1D1B9309}"
EndProject
Project("{9A19103F-16F7-4668-BE54-9A1E7A4F7556}") = "Tests.Solver", "Tests.Solver\Tests.Solver.csproj", "{3476FF38-A934-4B64-95FC-C2E0F3B81669}"
EndProject
Project("{9A19103F-16F7-4668-BE54-9A1E7A4F7556}") = "ImageParser", "ImageParser\ImageParser.csproj", "{9B385846-A41F-4FD7-87AE-4651C1AAFE2F}"
EndProject
Project("{9A19103F-16F7-4668-BE54-9A1E7A4F7556}") = "Infrastructure", "Infrastructure\Infrastructure.csproj", "{2AD438FF-ECCA-4824-9478-65D0C9FA4F39}"
EndProject
Project("{9A19103F-16F7-4668-BE54-9A1E7A4F7556}") = "Tests.Parser", "Tests.Parser\Tests.Parser.csproj", "{459B6110-AF44-407A-A32C-ED0FB15BD363}"
EndProject
Project("{9A19103F-16F7-4668-BE54-9A1E7A4F7556}") = "OrnaLightsPuzzleSolver.Launch", "OrnaLightsPuzzleSolver\OrnaLightsPuzzleSolver.Launch.csproj", "{23DC8B62-A3CE-4AA4-87E6-8D1C1FC69955}"
EndProject
Global
	GlobalSection(SolutionConfigurationPlatforms) = preSolution
		Debug|Any CPU = Debug|Any CPU
		Release|Any CPU = Release|Any CPU
	EndGlobalSection
	GlobalSection(ProjectConfigurationPlatforms) = postSolution
		{ED0F13B7-4434-48AC-B55A-AABF1D1B9309}.Debug|Any CPU.ActiveCfg = Debug|Any CPU
		{ED0F13B7-4434-48AC-B55A-AABF1D1B9309}.Debug|Any CPU.Build.0 = Debug|Any CPU
		{ED0F13B7-4434-48AC-B55A-AABF1D1B9309}.Release|Any CPU.ActiveCfg = Release|Any CPU
		{ED0F13B7-4434-48AC-B55A-AABF1D1B9309}.Release|Any CPU.Build.0 = Release|Any CPU
		{3476FF38-A934-4B64-95FC-C2E0F3B81669}.Debug|Any CPU.ActiveCfg = Debug|Any CPU
		{3476FF38-A934-4B64-95FC-C2E0F3B81669}.Debug|Any CPU.Build.0 = Debug|Any CPU
		{3476FF38-A934-4B64-95FC-C2E0F3B81669}.Release|Any CPU.ActiveCfg = Release|Any CPU
		{3476FF38-A934-4B64-95FC-C2E0F3B81669}.Release|Any CPU.Build.0 = Release|Any CPU
		{9B385846-A41F-4FD7-87AE-4651C1AAFE2F}.Debug|Any CPU.ActiveCfg = Debug|Any CPU
		{9B385846-A41F-4FD7-87AE-4651C1AAFE2F}.Debug|Any CPU.Build.0 = Debug|Any CPU
		{9B385846-A41F-4FD7-87AE-4651C1AAFE2F}.Release|Any CPU.ActiveCfg = Release|Any CPU
		{9B385846-A41F-4FD7-87AE-4651C1AAFE2F}.Release|Any CPU.Build.0 = Release|Any CPU
		{2AD438FF-ECCA-4824-9478-65D0C9FA4F39}.Debug|Any CPU.ActiveCfg = Debug|Any CPU
		{2AD438FF-ECCA-4824-9478-65D0C9FA4F39}.Debug|Any CPU.Build.0 = Debug|Any CPU
		{2AD438FF-ECCA-4824-9478-65D0C9FA4F39}.Release|Any CPU.ActiveCfg = Release|Any CPU
		{2AD438FF-ECCA-4824-9478-65D0C9FA4F39}.Release|Any CPU.Build.0 = Release|Any CPU
		{459B6110-AF44-407A-A32C-ED0FB15BD363}.Debug|Any CPU.ActiveCfg = Debug|Any CPU
		{459B6110-AF44-407A-A32C-ED0FB15BD363}.Debug|Any CPU.Build.0 = Debug|Any CPU
		{459B6110-AF44-407A-A32C-ED0FB15BD363}.Release|Any CPU.ActiveCfg = Release|Any CPU
		{459B6110-AF44-407A-A32C-ED0FB15BD363}.Release|Any CPU.Build.0 = Release|Any CPU
		{23DC8B62-A3CE-4AA4-87E6-8D1C1FC69955}.Debug|Any CPU.ActiveCfg = Debug|Any CPU
		{23DC8B62-A3CE-4AA4-87E6-8D1C1FC69955}.Debug|Any CPU.Build.0 = Debug|Any CPU
		{23DC8B62-A3CE-4AA4-87E6-8D1C1FC69955}.Release|Any CPU.ActiveCfg = Release|Any CPU
		{23DC8B62-A3CE-4AA4-87E6-8D1C1FC69955}.Release|Any CPU.Build.0 = Release|Any CPU
	EndGlobalSection
	GlobalSection(SolutionProperties) = preSolution
		HideSolutionNode = FALSE
	EndGlobalSection
	GlobalSection(ExtensibilityGlobals) = postSolution
		SolutionGuid = {2B157134-7AB3-46EE-8713-B33C8DF1F704}
	EndGlobalSection
EndGlobal
